// !$*UTF8*$!
{
	archiveVersion = 1;
	classes = {
	};
	objectVersion = 46;
	objects = {

/* Begin PBXBuildFile section */
		38C0F9CE1B66176D00737021 /* AppDelegate.swift in Sources */ = {isa = PBXBuildFile; fileRef = 38C0F9CD1B66176D00737021 /* AppDelegate.swift */; };
		38C0F9D01B66176D00737021 /* ViewController.swift in Sources */ = {isa = PBXBuildFile; fileRef = 38C0F9CF1B66176D00737021 /* ViewController.swift */; };
		38C0F9D31B66176D00737021 /* Main.storyboard in Resources */ = {isa = PBXBuildFile; fileRef = 38C0F9D11B66176D00737021 /* Main.storyboard */; };
		38C0F9D51B66176D00737021 /* Images.xcassets in Resources */ = {isa = PBXBuildFile; fileRef = 38C0F9D41B66176D00737021 /* Images.xcassets */; };
		38C0F9D81B66176D00737021 /* LaunchScreen.xib in Resources */ = {isa = PBXBuildFile; fileRef = 38C0F9D61B66176D00737021 /* LaunchScreen.xib */; };
		38C0F9E41B66176D00737021 /* SwiftUtilsTests.swift in Sources */ = {isa = PBXBuildFile; fileRef = 38C0F9E31B66176D00737021 /* SwiftUtilsTests.swift */; };
/* End PBXBuildFile section */

/* Begin PBXContainerItemProxy section */
		38C0F9DE1B66176D00737021 /* PBXContainerItemProxy */ = {
			isa = PBXContainerItemProxy;
			containerPortal = 38C0F9C01B66176D00737021 /* Project object */;
			proxyType = 1;
			remoteGlobalIDString = 38C0F9C71B66176D00737021;
			remoteInfo = SwiftUtils;
		};
/* End PBXContainerItemProxy section */

/* Begin PBXFileReference section */
		38C0F9C81B66176D00737021 /* SwiftUtils.app */ = {isa = PBXFileReference; explicitFileType = wrapper.application; includeInIndex = 0; path = SwiftUtils.app; sourceTree = BUILT_PRODUCTS_DIR; };
		38C0F9CC1B66176D00737021 /* Info.plist */ = {isa = PBXFileReference; lastKnownFileType = text.plist.xml; path = Info.plist; sourceTree = "<group>"; };
		38C0F9CD1B66176D00737021 /* AppDelegate.swift */ = {isa = PBXFileReference; lastKnownFileType = sourcecode.swift; path = AppDelegate.swift; sourceTree = "<group>"; };
		38C0F9CF1B66176D00737021 /* ViewController.swift */ = {isa = PBXFileReference; lastKnownFileType = sourcecode.swift; path = ViewController.swift; sourceTree = "<group>"; };
		38C0F9D21B66176D00737021 /* Base */ = {isa = PBXFileReference; lastKnownFileType = file.storyboard; name = Base; path = Base.lproj/Main.storyboard; sourceTree = "<group>"; };
		38C0F9D41B66176D00737021 /* Images.xcassets */ = {isa = PBXFileReference; lastKnownFileType = folder.assetcatalog; path = Images.xcassets; sourceTree = "<group>"; };
		38C0F9D71B66176D00737021 /* Base */ = {isa = PBXFileReference; lastKnownFileType = file.xib; name = Base; path = Base.lproj/LaunchScreen.xib; sourceTree = "<group>"; };
		38C0F9DD1B66176D00737021 /* SwiftUtilsTests.xctest */ = {isa = PBXFileReference; explicitFileType = wrapper.cfbundle; includeInIndex = 0; path = SwiftUtilsTests.xctest; sourceTree = BUILT_PRODUCTS_DIR; };
		38C0F9E21B66176D00737021 /* Info.plist */ = {isa = PBXFileReference; lastKnownFileType = text.plist.xml; path = Info.plist; sourceTree = "<group>"; };
		38C0F9E31B66176D00737021 /* SwiftUtilsTests.swift */ = {isa = PBXFileReference; lastKnownFileType = sourcecode.swift; path = SwiftUtilsTests.swift; sourceTree = "<group>"; };
/* End PBXFileReference section */

/* Begin PBXFrameworksBuildPhase section */
		38C0F9C51B66176D00737021 /* Frameworks */ = {
			isa = PBXFrameworksBuildPhase;
			buildActionMask = 2147483647;
			files = (
			);
			runOnlyForDeploymentPostprocessing = 0;
		};
		38C0F9DA1B66176D00737021 /* Frameworks */ = {
			isa = PBXFrameworksBuildPhase;
			buildActionMask = 2147483647;
			files = (
			);
			runOnlyForDeploymentPostprocessing = 0;
		};
/* End PBXFrameworksBuildPhase section */

/* Begin PBXGroup section */
		38C0F9BF1B66176D00737021 = {
			isa = PBXGroup;
			children = (
				38C0F9CA1B66176D00737021 /* SwiftUtils */,
				38C0F9E01B66176D00737021 /* SwiftUtilsTests */,
				38C0F9C91B66176D00737021 /* Products */,
			);
			sourceTree = "<group>";
		};
		38C0F9C91B66176D00737021 /* Products */ = {
			isa = PBXGroup;
			children = (
				38C0F9C81B66176D00737021 /* SwiftUtils.app */,
				38C0F9DD1B66176D00737021 /* SwiftUtilsTests.xctest */,
			);
			name = Products;
			sourceTree = "<group>";
		};
		38C0F9CA1B66176D00737021 /* SwiftUtils */ = {
			isa = PBXGroup;
			children = (
				38C0F9CD1B66176D00737021 /* AppDelegate.swift */,
				38C0F9CF1B66176D00737021 /* ViewController.swift */,
				38C0F9D11B66176D00737021 /* Main.storyboard */,
				38C0F9D41B66176D00737021 /* Images.xcassets */,
				38C0F9D61B66176D00737021 /* LaunchScreen.xib */,
				38C0F9CB1B66176D00737021 /* Supporting Files */,
			);
			path = SwiftUtils;
			sourceTree = "<group>";
		};
		38C0F9CB1B66176D00737021 /* Supporting Files */ = {
			isa = PBXGroup;
			children = (
				38C0F9CC1B66176D00737021 /* Info.plist */,
			);
			name = "Supporting Files";
			sourceTree = "<group>";
		};
		38C0F9E01B66176D00737021 /* SwiftUtilsTests */ = {
			isa = PBXGroup;
			children = (
				38C0F9E31B66176D00737021 /* SwiftUtilsTests.swift */,
				38C0F9E11B66176D00737021 /* Supporting Files */,
			);
			path = SwiftUtilsTests;
			sourceTree = "<group>";
		};
		38C0F9E11B66176D00737021 /* Supporting Files */ = {
			isa = PBXGroup;
			children = (
				38C0F9E21B66176D00737021 /* Info.plist */,
			);
			name = "Supporting Files";
			sourceTree = "<group>";
		};
/* End PBXGroup section */

/* Begin PBXNativeTarget section */
		38C0F9C71B66176D00737021 /* SwiftUtils */ = {
			isa = PBXNativeTarget;
			buildConfigurationList = 38C0F9E71B66176D00737021 /* Build configuration list for PBXNativeTarget "SwiftUtils" */;
			buildPhases = (
				38C0F9C41B66176D00737021 /* Sources */,
				38C0F9C51B66176D00737021 /* Frameworks */,
				38C0F9C61B66176D00737021 /* Resources */,
			);
			buildRules = (
			);
			dependencies = (
			);
			name = SwiftUtils;
			productName = SwiftUtils;
			productReference = 38C0F9C81B66176D00737021 /* SwiftUtils.app */;
			productType = "com.apple.product-type.application";
		};
		38C0F9DC1B66176D00737021 /* SwiftUtilsTests */ = {
			isa = PBXNativeTarget;
			buildConfigurationList = 38C0F9EA1B66176D00737021 /* Build configuration list for PBXNativeTarget "SwiftUtilsTests" */;
			buildPhases = (
				38C0F9D91B66176D00737021 /* Sources */,
				38C0F9DA1B66176D00737021 /* Frameworks */,
				38C0F9DB1B66176D00737021 /* Resources */,
			);
			buildRules = (
			);
			dependencies = (
				38C0F9DF1B66176D00737021 /* PBXTargetDependency */,
			);
			name = SwiftUtilsTests;
			productName = SwiftUtilsTests;
			productReference = 38C0F9DD1B66176D00737021 /* SwiftUtilsTests.xctest */;
			productType = "com.apple.product-type.bundle.unit-test";
		};
/* End PBXNativeTarget section */

/* Begin PBXProject section */
		38C0F9C01B66176D00737021 /* Project object */ = {
			isa = PBXProject;
			attributes = {
				LastUpgradeCheck = 0630;
				ORGANIZATIONNAME = Akash;
				TargetAttributes = {
					38C0F9C71B66176D00737021 = {
						CreatedOnToolsVersion = 6.3.2;
					};
					38C0F9DC1B66176D00737021 = {
						CreatedOnToolsVersion = 6.3.2;
						TestTargetID = 38C0F9C71B66176D00737021;
					};
				};
			};
			buildConfigurationList = 38C0F9C31B66176D00737021 /* Build configuration list for PBXProject "SwiftUtils" */;
			compatibilityVersion = "Xcode 3.2";
			developmentRegion = English;
			hasScannedForEncodings = 0;
			knownRegions = (
				en,
				Base,
			);
			mainGroup = 38C0F9BF1B66176D00737021;
			productRefGroup = 38C0F9C91B66176D00737021 /* Products */;
			projectDirPath = "";
			projectRoot = "";
			targets = (
				38C0F9C71B66176D00737021 /* SwiftUtils */,
				38C0F9DC1B66176D00737021 /* SwiftUtilsTests */,
			);
		};
/* End PBXProject section */

/* Begin PBXResourcesBuildPhase section */
		38C0F9C61B66176D00737021 /* Resources */ = {
			isa = PBXResourcesBuildPhase;
			buildActionMask = 2147483647;
			files = (
				38C0F9D31B66176D00737021 /* Main.storyboard in Resources */,
				38C0F9D81B66176D00737021 /* LaunchScreen.xib in Resources */,
				38C0F9D51B66176D00737021 /* Images.xcassets in Resources */,
			);
			runOnlyForDeploymentPostprocessing = 0;
		};
		38C0F9DB1B66176D00737021 /* Resources */ = {
			isa = PBXResourcesBuildPhase;
			buildActionMask = 2147483647;
			files = (
			);
			runOnlyForDeploymentPostprocessing = 0;
		};
/* End PBXResourcesBuildPhase section */

/* Begin PBXSourcesBuildPhase section */
		38C0F9C41B66176D00737021 /* Sources */ = {
			isa = PBXSourcesBuildPhase;
			buildActionMask = 2147483647;
			files = (
				38C0F9D01B66176D00737021 /* ViewController.swift in Sources */,
				38C0F9CE1B66176D00737021 /* AppDelegate.swift in Sources */,
			);
			runOnlyForDeploymentPostprocessing = 0;
		};
		38C0F9D91B66176D00737021 /* Sources */ = {
			isa = PBXSourcesBuildPhase;
			buildActionMask = 2147483647;
			files = (
				38C0F9E41B66176D00737021 /* SwiftUtilsTests.swift in Sources */,
			);
			runOnlyForDeploymentPostprocessing = 0;
		};
/* End PBXSourcesBuildPhase section */

/* Begin PBXTargetDependency section */
		38C0F9DF1B66176D00737021 /* PBXTargetDependency */ = {
			isa = PBXTargetDependency;
			target = 38C0F9C71B66176D00737021 /* SwiftUtils */;
			targetProxy = 38C0F9DE1B66176D00737021 /* PBXContainerItemProxy */;
		};
/* End PBXTargetDependency section */

/* Begin PBXVariantGroup section */
		38C0F9D11B66176D00737021 /* Main.storyboard */ = {
			isa = PBXVariantGroup;
			children = (
				38C0F9D21B66176D00737021 /* Base */,
			);
			name = Main.storyboard;
			sourceTree = "<group>";
		};
		38C0F9D61B66176D00737021 /* LaunchScreen.xib */ = {
			isa = PBXVariantGroup;
			children = (
				38C0F9D71B66176D00737021 /* Base */,
			);
			name = LaunchScreen.xib;
			sourceTree = "<group>";
		};
/* End PBXVariantGroup section */

/* Begin XCBuildConfiguration section */
		38C0F9E51B66176D00737021 /* Debug */ = {
			isa = XCBuildConfiguration;
			buildSettings = {
				ALWAYS_SEARCH_USER_PATHS = NO;
				CLANG_CXX_LANGUAGE_STANDARD = "gnu++0x";
				CLANG_CXX_LIBRARY = "libc++";
				CLANG_ENABLE_MODULES = YES;
				CLANG_ENABLE_OBJC_ARC = YES;
				CLANG_WARN_BOOL_CONVERSION = YES;
				CLANG_WARN_CONSTANT_CONVERSION = YES;
				CLANG_WARN_DIRECT_OBJC_ISA_USAGE = YES_ERROR;
				CLANG_WARN_EMPTY_BODY = YES;
				CLANG_WARN_ENUM_CONVERSION = YES;
				CLANG_WARN_INT_CONVERSION = YES;
				CLANG_WARN_OBJC_ROOT_CLASS = YES_ERROR;
				CLANG_WARN_UNREACHABLE_CODE = YES;
				CLANG_WARN__DUPLICATE_METHOD_MATCH = YES;
				"CODE_SIGN_IDENTITY[sdk=iphoneos*]" = "iPhone Developer";
				COPY_PHASE_STRIP = NO;
				DEBUG_INFORMATION_FORMAT = "dwarf-with-dsym";
				ENABLE_STRICT_OBJC_MSGSEND = YES;
				GCC_C_LANGUAGE_STANDARD = gnu99;
				GCC_DYNAMIC_NO_PIC = NO;
				GCC_NO_COMMON_BLOCKS = YES;
				GCC_OPTIMIZATION_LEVEL = 0;
				GCC_PREPROCESSOR_DEFINITIONS = (
					"DEBUG=1",
					"$(inherited)",
				);
				GCC_SYMBOLS_PRIVATE_EXTERN = NO;
				GCC_WARN_64_TO_32_BIT_CONVERSION = YES;
				GCC_WARN_ABOUT_RETURN_TYPE = YES_ERROR;
				GCC_WARN_UNDECLARED_SELECTOR = YES;
				GCC_WARN_UNINITIALIZED_AUTOS = YES_AGGRESSIVE;
				GCC_WARN_UNUSED_FUNCTION = YES;
				GCC_WARN_UNUSED_VARIABLE = YES;
				IPHONEOS_DEPLOYMENT_TARGET = 8.3;
				MTL_ENABLE_DEBUG_INFO = YES;
				ONLY_ACTIVE_ARCH = YES;
				SDKROOT = iphoneos;
				SWIFT_OPTIMIZATION_LEVEL = "-Onone";
				TARGETED_DEVICE_FAMILY = "1,2";
			};
			name = Debug;
		};
		38C0F9E61B66176D00737021 /* Release */ = {
			isa = XCBuildConfiguration;
			buildSettings = {
				ALWAYS_SEARCH_USER_PATHS = NO;
				CLANG_CXX_LANGUAGE_STANDARD = "gnu++0x";
				CLANG_CXX_LIBRARY = "libc++";
				CLANG_ENABLE_MODULES = YES;
				CLANG_ENABLE_OBJC_ARC = YES;
				CLANG_WARN_BOOL_CONVERSION = YES;
				CLANG_WARN_CONSTANT_CONVERSION = YES;
				CLANG_WARN_DIRECT_OBJC_ISA_USAGE = YES_ERROR;
				CLANG_WARN_EMPTY_BODY = YES;
				CLANG_WARN_ENUM_CONVERSION = YES;
				CLANG_WARN_INT_CONVERSION = YES;
				CLANG_WARN_OBJC_ROOT_CLASS = YES_ERROR;
				CLANG_WARN_UNREACHABLE_CODE = YES;
				CLANG_WARN__DUPLICATE_METHOD_MATCH = YES;
				"CODE_SIGN_IDENTITY[sdk=iphoneos*]" = "iPhone Developer";
				COPY_PHASE_STRIP = NO;
				DEBUG_INFORMATION_FORMAT = "dwarf-with-dsym";
				ENABLE_NS_ASSERTIONS = NO;
				ENABLE_STRICT_OBJC_MSGSEND = YES;
				GCC_C_LANGUAGE_STANDARD = gnu99;
				GCC_NO_COMMON_BLOCKS = YES;
				GCC_WARN_64_TO_32_BIT_CONVERSION = YES;
				GCC_WARN_ABOUT_RETURN_TYPE = YES_ERROR;
				GCC_WARN_UNDECLARED_SELECTOR = YES;
				GCC_WARN_UNINITIALIZED_AUTOS = YES_AGGRESSIVE;
				GCC_WARN_UNUSED_FUNCTION = YES;
				GCC_WARN_UNUSED_VARIABLE = YES;
				IPHONEOS_DEPLOYMENT_TARGET = 8.3;
				MTL_ENABLE_DEBUG_INFO = NO;
				SDKROOT = iphoneos;
				TARGETED_DEVICE_FAMILY = "1,2";
				VALIDATE_PRODUCT = YES;
			};
			name = Release;
		};
		38C0F9E81B66176D00737021 /* Debug */ = {
			isa = XCBuildConfiguration;
			buildSettings = {
				ASSETCATALOG_COMPILER_APPICON_NAME = AppIcon;
				INFOPLIST_FILE = SwiftUtils/Info.plist;
				LD_RUNPATH_SEARCH_PATHS = "$(inherited) @executable_path/Frameworks";
				PRODUCT_NAME = "$(TARGET_NAME)";
			};
			name = Debug;
		};
		38C0F9E91B66176D00737021 /* Release */ = {
			isa = XCBuildConfiguration;
			buildSettings = {
				ASSETCATALOG_COMPILER_APPICON_NAME = AppIcon;
				INFOPLIST_FILE = SwiftUtils/Info.plist;
				LD_RUNPATH_SEARCH_PATHS = "$(inherited) @executable_path/Frameworks";
				PRODUCT_NAME = "$(TARGET_NAME)";
			};
			name = Release;
		};
		38C0F9EB1B66176D00737021 /* Debug */ = {
			isa = XCBuildConfiguration;
			buildSettings = {
				BUNDLE_LOADER = "$(TEST_HOST)";
				FRAMEWORK_SEARCH_PATHS = (
					"$(SDKROOT)/Developer/Library/Frameworks",
					"$(inherited)",
				);
				GCC_PREPROCESSOR_DEFINITIONS = (
					"DEBUG=1",
					"$(inherited)",
				);
				INFOPLIST_FILE = SwiftUtilsTests/Info.plist;
				LD_RUNPATH_SEARCH_PATHS = "$(inherited) @executable_path/Frameworks @loader_path/Frameworks";
				PRODUCT_NAME = "$(TARGET_NAME)";
				TEST_HOST = "$(BUILT_PRODUCTS_DIR)/SwiftUtils.app/SwiftUtils";
			};
			name = Debug;
		};
		38C0F9EC1B66176D00737021 /* Release */ = {
			isa = XCBuildConfiguration;
			buildSettings = {
				BUNDLE_LOADER = "$(TEST_HOST)";
				FRAMEWORK_SEARCH_PATHS = (
					"$(SDKROOT)/Developer/Library/Frameworks",
					"$(inherited)",
				);
				INFOPLIST_FILE = SwiftUtilsTests/Info.plist;
				LD_RUNPATH_SEARCH_PATHS = "$(inherited) @executable_path/Frameworks @loader_path/Frameworks";
				PRODUCT_NAME = "$(TARGET_NAME)";
				TEST_HOST = "$(BUILT_PRODUCTS_DIR)/SwiftUtils.app/SwiftUtils";
			};
			name = Release;
		};
/* End XCBuildConfiguration section */

/* Begin XCConfigurationList section */
		38C0F9C31B66176D00737021 /* Build configuration list for PBXProject "SwiftUtils" */ = {
			isa = XCConfigurationList;
			buildConfigurations = (
				38C0F9E51B66176D00737021 /* Debug */,
				38C0F9E61B66176D00737021 /* Release */,
			);
			defaultConfigurationIsVisible = 0;
			defaultConfigurationName = Release;
		};
		38C0F9E71B66176D00737021 /* Build configuration list for PBXNativeTarget "SwiftUtils" */ = {
			isa = XCConfigurationList;
			buildConfigurations = (
				38C0F9E81B66176D00737021 /* Debug */,
				38C0F9E91B66176D00737021 /* Release */,
			);
			defaultConfigurationIsVisible = 0;
		};
		38C0F9EA1B66176D00737021 /* Build configuration list for PBXNativeTarget "SwiftUtilsTests" */ = {
			isa = XCConfigurationList;
			buildConfigurations = (
				38C0F9EB1B66176D00737021 /* Debug */,
				38C0F9EC1B66176D00737021 /* Release */,
			);
			defaultConfigurationIsVisible = 0;
		};
/* End XCConfigurationList section */
	};
	rootObject = 38C0F9C01B66176D00737021 /* Project object */;
}
